# This file is automatically @generated by Cargo.
# It is not intended for manual editing.
version = 3

[[package]]
name = "oasysdb"
version = "0.8.0"

[[package]]
name = "odb-coordinator"
version = "0.1.0"
dependencies = [
 "oasysdb",
]

[[package]]
name = "odb-data"
version = "0.1.0"
dependencies = [
 "oasysdb",
]
